// !$*UTF8*$!
{
	archiveVersion = 1;
	classes = {
	};
	objectVersion = 55;
	objects = {

/* Begin PBXBuildFile section */
		74316ECBA8F727C803F94B76 /* Pods_HealthJoy.framework in Frameworks */ = {isa = PBXBuildFile; fileRef = E97B9CD7A8722DE0983D156D /* Pods_HealthJoy.framework */; };
		E82EE8382888B8BE00DAC3CF /* HealthJoyApp.swift in Sources */ = {isa = PBXBuildFile; fileRef = E82EE8372888B8BE00DAC3CF /* HealthJoyApp.swift */; };
		E82EE83A2888B8BE00DAC3CF /* ContentView.swift in Sources */ = {isa = PBXBuildFile; fileRef = E82EE8392888B8BE00DAC3CF /* ContentView.swift */; };
		E82EE83C2888B8C000DAC3CF /* Assets.xcassets in Resources */ = {isa = PBXBuildFile; fileRef = E82EE83B2888B8C000DAC3CF /* Assets.xcassets */; };
		E82EE83F2888B8C000DAC3CF /* Preview Assets.xcassets in Resources */ = {isa = PBXBuildFile; fileRef = E82EE83E2888B8C000DAC3CF /* Preview Assets.xcassets */; };
		E89ADC522888C38C003C662E /* ListView.swift in Sources */ = {isa = PBXBuildFile; fileRef = E89ADC512888C38C003C662E /* ListView.swift */; };
		E89ADC542888C8E6003C662E /* GifData.swift in Sources */ = {isa = PBXBuildFile; fileRef = E89ADC532888C8E6003C662E /* GifData.swift */; };
		E89ADC562888CFEE003C662E /* Gif.swift in Sources */ = {isa = PBXBuildFile; fileRef = E89ADC552888CFEE003C662E /* Gif.swift */; };
		E89ADC592888D66E003C662E /* GiphyResponse.swift in Sources */ = {isa = PBXBuildFile; fileRef = E89ADC582888D66E003C662E /* GiphyResponse.swift */; };
		E89ADC5B2888D6DC003C662E /* Pagination.swift in Sources */ = {isa = PBXBuildFile; fileRef = E89ADC5A2888D6DC003C662E /* Pagination.swift */; };
		E89ADC5D2888D73E003C662E /* Meta.swift in Sources */ = {isa = PBXBuildFile; fileRef = E89ADC5C2888D73E003C662E /* Meta.swift */; };
		E89ADC5F2888E070003C662E /* GifContainerView.swift in Sources */ = {isa = PBXBuildFile; fileRef = E89ADC5E2888E070003C662E /* GifContainerView.swift */; };
		E89ADC622888E5EB003C662E /* User.swift in Sources */ = {isa = PBXBuildFile; fileRef = E89ADC612888E5EB003C662E /* User.swift */; };
		E89ADC6A288A2B02003C662E /* GifView.swift in Sources */ = {isa = PBXBuildFile; fileRef = E89ADC69288A2B02003C662E /* GifView.swift */; };
		E89ADC6C288B5402003C662E /* UserNameView.swift in Sources */ = {isa = PBXBuildFile; fileRef = E89ADC6B288B5402003C662E /* UserNameView.swift */; };
		E89ADC6E288B72EB003C662E /* ActivityIndicator.swift in Sources */ = {isa = PBXBuildFile; fileRef = E89ADC6D288B72EB003C662E /* ActivityIndicator.swift */; };
		E89ADC70288C5683003C662E /* ActivityIndicatorView.swift in Sources */ = {isa = PBXBuildFile; fileRef = E89ADC6F288C5683003C662E /* ActivityIndicatorView.swift */; };
/* End PBXBuildFile section */

/* Begin PBXFileReference section */
		583E120C7E6C923AECA6E7BC /* Pods-HealthJoy.release.xcconfig */ = {isa = PBXFileReference; includeInIndex = 1; lastKnownFileType = text.xcconfig; name = "Pods-HealthJoy.release.xcconfig"; path = "Target Support Files/Pods-HealthJoy/Pods-HealthJoy.release.xcconfig"; sourceTree = "<group>"; };
		9A8689830135150F42AD5F24 /* Pods-HealthJoy.debug.xcconfig */ = {isa = PBXFileReference; includeInIndex = 1; lastKnownFileType = text.xcconfig; name = "Pods-HealthJoy.debug.xcconfig"; path = "Target Support Files/Pods-HealthJoy/Pods-HealthJoy.debug.xcconfig"; sourceTree = "<group>"; };
		E82EE8342888B8BE00DAC3CF /* HealthJoy.app */ = {isa = PBXFileReference; explicitFileType = wrapper.application; includeInIndex = 0; path = HealthJoy.app; sourceTree = BUILT_PRODUCTS_DIR; };
		E82EE8372888B8BE00DAC3CF /* HealthJoyApp.swift */ = {isa = PBXFileReference; lastKnownFileType = sourcecode.swift; path = HealthJoyApp.swift; sourceTree = "<group>"; };
		E82EE8392888B8BE00DAC3CF /* ContentView.swift */ = {isa = PBXFileReference; lastKnownFileType = sourcecode.swift; path = ContentView.swift; sourceTree = "<group>"; };
		E82EE83B2888B8C000DAC3CF /* Assets.xcassets */ = {isa = PBXFileReference; lastKnownFileType = folder.assetcatalog; path = Assets.xcassets; sourceTree = "<group>"; };
		E82EE83E2888B8C000DAC3CF /* Preview Assets.xcassets */ = {isa = PBXFileReference; lastKnownFileType = folder.assetcatalog; path = "Preview Assets.xcassets"; sourceTree = "<group>"; };
		E89ADC512888C38C003C662E /* ListView.swift */ = {isa = PBXFileReference; lastKnownFileType = sourcecode.swift; path = ListView.swift; sourceTree = "<group>"; };
		E89ADC532888C8E6003C662E /* GifData.swift */ = {isa = PBXFileReference; lastKnownFileType = sourcecode.swift; path = GifData.swift; sourceTree = "<group>"; };
		E89ADC552888CFEE003C662E /* Gif.swift */ = {isa = PBXFileReference; lastKnownFileType = sourcecode.swift; path = Gif.swift; sourceTree = "<group>"; };
		E89ADC582888D66E003C662E /* GiphyResponse.swift */ = {isa = PBXFileReference; lastKnownFileType = sourcecode.swift; path = GiphyResponse.swift; sourceTree = "<group>"; };
		E89ADC5A2888D6DC003C662E /* Pagination.swift */ = {isa = PBXFileReference; lastKnownFileType = sourcecode.swift; path = Pagination.swift; sourceTree = "<group>"; };
		E89ADC5C2888D73E003C662E /* Meta.swift */ = {isa = PBXFileReference; lastKnownFileType = sourcecode.swift; path = Meta.swift; sourceTree = "<group>"; };
		E89ADC5E2888E070003C662E /* GifContainerView.swift */ = {isa = PBXFileReference; lastKnownFileType = sourcecode.swift; path = GifContainerView.swift; sourceTree = "<group>"; };
		E89ADC612888E5EB003C662E /* User.swift */ = {isa = PBXFileReference; lastKnownFileType = sourcecode.swift; path = User.swift; sourceTree = "<group>"; };
		E89ADC68288A1A82003C662E /* Info.plist */ = {isa = PBXFileReference; lastKnownFileType = text.plist; path = Info.plist; sourceTree = "<group>"; };
		E89ADC69288A2B02003C662E /* GifView.swift */ = {isa = PBXFileReference; lastKnownFileType = sourcecode.swift; path = GifView.swift; sourceTree = "<group>"; };
		E89ADC6B288B5402003C662E /* UserNameView.swift */ = {isa = PBXFileReference; lastKnownFileType = sourcecode.swift; path = UserNameView.swift; sourceTree = "<group>"; };
		E89ADC6D288B72EB003C662E /* ActivityIndicator.swift */ = {isa = PBXFileReference; lastKnownFileType = sourcecode.swift; path = ActivityIndicator.swift; sourceTree = "<group>"; };
		E89ADC6F288C5683003C662E /* ActivityIndicatorView.swift */ = {isa = PBXFileReference; lastKnownFileType = sourcecode.swift; path = ActivityIndicatorView.swift; sourceTree = "<group>"; };
		E97B9CD7A8722DE0983D156D /* Pods_HealthJoy.framework */ = {isa = PBXFileReference; explicitFileType = wrapper.framework; includeInIndex = 0; path = Pods_HealthJoy.framework; sourceTree = BUILT_PRODUCTS_DIR; };
/* End PBXFileReference section */

/* Begin PBXFrameworksBuildPhase section */
		E82EE8312888B8BE00DAC3CF /* Frameworks */ = {
			isa = PBXFrameworksBuildPhase;
			buildActionMask = 2147483647;
			files = (
				74316ECBA8F727C803F94B76 /* Pods_HealthJoy.framework in Frameworks */,
			);
			runOnlyForDeploymentPostprocessing = 0;
		};
/* End PBXFrameworksBuildPhase section */

/* Begin PBXGroup section */
		13319FDECBF55D8E544E9085 /* Pods */ = {
			isa = PBXGroup;
			children = (
				9A8689830135150F42AD5F24 /* Pods-HealthJoy.debug.xcconfig */,
				583E120C7E6C923AECA6E7BC /* Pods-HealthJoy.release.xcconfig */,
			);
			path = Pods;
			sourceTree = "<group>";
		};
		BA143F9DE25455FAA5320C47 /* Frameworks */ = {
			isa = PBXGroup;
			children = (
				E97B9CD7A8722DE0983D156D /* Pods_HealthJoy.framework */,
			);
			name = Frameworks;
			sourceTree = "<group>";
		};
		E82EE82B2888B8BE00DAC3CF = {
			isa = PBXGroup;
			children = (
				E82EE8362888B8BE00DAC3CF /* HealthJoy */,
				E82EE8352888B8BE00DAC3CF /* Products */,
				13319FDECBF55D8E544E9085 /* Pods */,
				BA143F9DE25455FAA5320C47 /* Frameworks */,
			);
			sourceTree = "<group>";
		};
		E82EE8352888B8BE00DAC3CF /* Products */ = {
			isa = PBXGroup;
			children = (
				E82EE8342888B8BE00DAC3CF /* HealthJoy.app */,
			);
			name = Products;
			sourceTree = "<group>";
		};
		E82EE8362888B8BE00DAC3CF /* HealthJoy */ = {
			isa = PBXGroup;
			children = (
				E89ADC68288A1A82003C662E /* Info.plist */,
				E82EE8372888B8BE00DAC3CF /* HealthJoyApp.swift */,
				E89ADC532888C8E6003C662E /* GifData.swift */,
				E89ADC572888CFF5003C662E /* Models */,
				E89ADC502888C2D9003C662E /* Views */,
				E82EE83B2888B8C000DAC3CF /* Assets.xcassets */,
				E82EE83D2888B8C000DAC3CF /* Preview Content */,
			);
			path = HealthJoy;
			sourceTree = "<group>";
		};
		E82EE83D2888B8C000DAC3CF /* Preview Content */ = {
			isa = PBXGroup;
			children = (
				E82EE83E2888B8C000DAC3CF /* Preview Assets.xcassets */,
			);
			path = "Preview Content";
			sourceTree = "<group>";
		};
		E89ADC502888C2D9003C662E /* Views */ = {
			isa = PBXGroup;
			children = (
				E82EE8392888B8BE00DAC3CF /* ContentView.swift */,
				E89ADC512888C38C003C662E /* ListView.swift */,
				E89ADC5E2888E070003C662E /* GifContainerView.swift */,
				E89ADC69288A2B02003C662E /* GifView.swift */,
				E89ADC6B288B5402003C662E /* UserNameView.swift */,
				E89ADC6D288B72EB003C662E /* ActivityIndicator.swift */,
				E89ADC6F288C5683003C662E /* ActivityIndicatorView.swift */,
			);
			path = Views;
			sourceTree = "<group>";
		};
		E89ADC572888CFF5003C662E /* Models */ = {
			isa = PBXGroup;
			children = (
				E89ADC552888CFEE003C662E /* Gif.swift */,
				E89ADC612888E5EB003C662E /* User.swift */,
				E89ADC582888D66E003C662E /* GiphyResponse.swift */,
				E89ADC5A2888D6DC003C662E /* Pagination.swift */,
				E89ADC5C2888D73E003C662E /* Meta.swift */,
			);
			path = Models;
			sourceTree = "<group>";
		};
/* End PBXGroup section */

/* Begin PBXNativeTarget section */
		E82EE8332888B8BE00DAC3CF /* HealthJoy */ = {
			isa = PBXNativeTarget;
			buildConfigurationList = E82EE8422888B8C000DAC3CF /* Build configuration list for PBXNativeTarget "HealthJoy" */;
			buildPhases = (
				57DC2887F3BC4647599E89D1 /* [CP] Check Pods Manifest.lock */,
				E82EE8302888B8BE00DAC3CF /* Sources */,
				E82EE8312888B8BE00DAC3CF /* Frameworks */,
				E82EE8322888B8BE00DAC3CF /* Resources */,
				EF6236EF4C1D02325995AB71 /* [CP] Embed Pods Frameworks */,
			);
			buildRules = (
			);
			dependencies = (
			);
			name = HealthJoy;
			productName = HealthJoy;
			productReference = E82EE8342888B8BE00DAC3CF /* HealthJoy.app */;
			productType = "com.apple.product-type.application";
		};
/* End PBXNativeTarget section */

/* Begin PBXProject section */
		E82EE82C2888B8BE00DAC3CF /* Project object */ = {
			isa = PBXProject;
			attributes = {
				BuildIndependentTargetsInParallel = 1;
				LastSwiftUpdateCheck = 1300;
				LastUpgradeCheck = 1300;
				TargetAttributes = {
					E82EE8332888B8BE00DAC3CF = {
						CreatedOnToolsVersion = 13.0;
					};
				};
			};
			buildConfigurationList = E82EE82F2888B8BE00DAC3CF /* Build configuration list for PBXProject "HealthJoy" */;
			compatibilityVersion = "Xcode 13.0";
			developmentRegion = en;
			hasScannedForEncodings = 0;
			knownRegions = (
				en,
				Base,
			);
			mainGroup = E82EE82B2888B8BE00DAC3CF;
			productRefGroup = E82EE8352888B8BE00DAC3CF /* Products */;
			projectDirPath = "";
			projectRoot = "";
			targets = (
				E82EE8332888B8BE00DAC3CF /* HealthJoy */,
			);
		};
/* End PBXProject section */

/* Begin PBXResourcesBuildPhase section */
		E82EE8322888B8BE00DAC3CF /* Resources */ = {
			isa = PBXResourcesBuildPhase;
			buildActionMask = 2147483647;
			files = (
				E82EE83F2888B8C000DAC3CF /* Preview Assets.xcassets in Resources */,
				E82EE83C2888B8C000DAC3CF /* Assets.xcassets in Resources */,
			);
			runOnlyForDeploymentPostprocessing = 0;
		};
/* End PBXResourcesBuildPhase section */

/* Begin PBXShellScriptBuildPhase section */
		57DC2887F3BC4647599E89D1 /* [CP] Check Pods Manifest.lock */ = {
			isa = PBXShellScriptBuildPhase;
			buildActionMask = 2147483647;
			files = (
			);
			inputFileListPaths = (
			);
			inputPaths = (
				"${PODS_PODFILE_DIR_PATH}/Podfile.lock",
				"${PODS_ROOT}/Manifest.lock",
			);
			name = "[CP] Check Pods Manifest.lock";
			outputFileListPaths = (
			);
			outputPaths = (
				"$(DERIVED_FILE_DIR)/Pods-HealthJoy-checkManifestLockResult.txt",
			);
			runOnlyForDeploymentPostprocessing = 0;
			shellPath = /bin/sh;
			shellScript = "diff \"${PODS_PODFILE_DIR_PATH}/Podfile.lock\" \"${PODS_ROOT}/Manifest.lock\" > /dev/null\nif [ $? != 0 ] ; then\n    # print error to STDERR\n    echo \"error: The sandbox is not in sync with the Podfile.lock. Run 'pod install' or update your CocoaPods installation.\" >&2\n    exit 1\nfi\n# This output is used by Xcode 'outputs' to avoid re-running this script phase.\necho \"SUCCESS\" > \"${SCRIPT_OUTPUT_FILE_0}\"\n";
			showEnvVarsInLog = 0;
		};
		EF6236EF4C1D02325995AB71 /* [CP] Embed Pods Frameworks */ = {
			isa = PBXShellScriptBuildPhase;
			buildActionMask = 2147483647;
			files = (
			);
			inputFileListPaths = (
				"${PODS_ROOT}/Target Support Files/Pods-HealthJoy/Pods-HealthJoy-frameworks-${CONFIGURATION}-input-files.xcfilelist",
			);
			name = "[CP] Embed Pods Frameworks";
			outputFileListPaths = (
				"${PODS_ROOT}/Target Support Files/Pods-HealthJoy/Pods-HealthJoy-frameworks-${CONFIGURATION}-output-files.xcfilelist",
			);
			runOnlyForDeploymentPostprocessing = 0;
			shellPath = /bin/sh;
			shellScript = "\"${PODS_ROOT}/Target Support Files/Pods-HealthJoy/Pods-HealthJoy-frameworks.sh\"\n";
			showEnvVarsInLog = 0;
		};
/* End PBXShellScriptBuildPhase section */

/* Begin PBXSourcesBuildPhase section */
		E82EE8302888B8BE00DAC3CF /* Sources */ = {
			isa = PBXSourcesBuildPhase;
			buildActionMask = 2147483647;
			files = (
				E89ADC6C288B5402003C662E /* UserNameView.swift in Sources */,
				E89ADC6A288A2B02003C662E /* GifView.swift in Sources */,
				E82EE83A2888B8BE00DAC3CF /* ContentView.swift in Sources */,
				E89ADC5F2888E070003C662E /* GifContainerView.swift in Sources */,
				E89ADC6E288B72EB003C662E /* ActivityIndicator.swift in Sources */,
				E89ADC542888C8E6003C662E /* GifData.swift in Sources */,
				E89ADC592888D66E003C662E /* GiphyResponse.swift in Sources */,
				E89ADC5B2888D6DC003C662E /* Pagination.swift in Sources */,
				E89ADC5D2888D73E003C662E /* Meta.swift in Sources */,
				E89ADC522888C38C003C662E /* ListView.swift in Sources */,
				E82EE8382888B8BE00DAC3CF /* HealthJoyApp.swift in Sources */,
				E89ADC622888E5EB003C662E /* User.swift in Sources */,
				E89ADC562888CFEE003C662E /* Gif.swift in Sources */,
				E89ADC70288C5683003C662E /* ActivityIndicatorView.swift in Sources */,
			);
			runOnlyForDeploymentPostprocessing = 0;
		};
/* End PBXSourcesBuildPhase section */

/* Begin XCBuildConfiguration section */
		E82EE8402888B8C000DAC3CF /* Debug */ = {
			isa = XCBuildConfiguration;
			buildSettings = {
				ALWAYS_SEARCH_USER_PATHS = NO;
				CLANG_ANALYZER_NONNULL = YES;
				CLANG_ANALYZER_NUMBER_OBJECT_CONVERSION = YES_AGGRESSIVE;
				CLANG_CXX_LANGUAGE_STANDARD = "gnu++17";
				CLANG_CXX_LIBRARY = "libc++";
				CLANG_ENABLE_MODULES = YES;
				CLANG_ENABLE_OBJC_ARC = YES;
				CLANG_ENABLE_OBJC_WEAK = YES;
				CLANG_WARN_BLOCK_CAPTURE_AUTORELEASING = YES;
				CLANG_WARN_BOOL_CONVERSION = YES;
				CLANG_WARN_COMMA = YES;
				CLANG_WARN_CONSTANT_CONVERSION = YES;
				CLANG_WARN_DEPRECATED_OBJC_IMPLEMENTATIONS = YES;
				CLANG_WARN_DIRECT_OBJC_ISA_USAGE = YES_ERROR;
				CLANG_WARN_DOCUMENTATION_COMMENTS = YES;
				CLANG_WARN_EMPTY_BODY = YES;
				CLANG_WARN_ENUM_CONVERSION = YES;
				CLANG_WARN_INFINITE_RECURSION = YES;
				CLANG_WARN_INT_CONVERSION = YES;
				CLANG_WARN_NON_LITERAL_NULL_CONVERSION = YES;
				CLANG_WARN_OBJC_IMPLICIT_RETAIN_SELF = YES;
				CLANG_WARN_OBJC_LITERAL_CONVERSION = YES;
				CLANG_WARN_OBJC_ROOT_CLASS = YES_ERROR;
				CLANG_WARN_QUOTED_INCLUDE_IN_FRAMEWORK_HEADER = YES;
				CLANG_WARN_RANGE_LOOP_ANALYSIS = YES;
				CLANG_WARN_STRICT_PROTOTYPES = YES;
				CLANG_WARN_SUSPICIOUS_MOVE = YES;
				CLANG_WARN_UNGUARDED_AVAILABILITY = YES_AGGRESSIVE;
				CLANG_WARN_UNREACHABLE_CODE = YES;
				CLANG_WARN__DUPLICATE_METHOD_MATCH = YES;
				COPY_PHASE_STRIP = NO;
				DEBUG_INFORMATION_FORMAT = dwarf;
				ENABLE_STRICT_OBJC_MSGSEND = YES;
				ENABLE_TESTABILITY = YES;
				GCC_C_LANGUAGE_STANDARD = gnu11;
				GCC_DYNAMIC_NO_PIC = NO;
				GCC_NO_COMMON_BLOCKS = YES;
				GCC_OPTIMIZATION_LEVEL = 0;
				GCC_PREPROCESSOR_DEFINITIONS = (
					"DEBUG=1",
					"$(inherited)",
				);
				GCC_WARN_64_TO_32_BIT_CONVERSION = YES;
				GCC_WARN_ABOUT_RETURN_TYPE = YES_ERROR;
				GCC_WARN_UNDECLARED_SELECTOR = YES;
				GCC_WARN_UNINITIALIZED_AUTOS = YES_AGGRESSIVE;
				GCC_WARN_UNUSED_FUNCTION = YES;
				GCC_WARN_UNUSED_VARIABLE = YES;
				IPHONEOS_DEPLOYMENT_TARGET = 13.0;
				MTL_ENABLE_DEBUG_INFO = INCLUDE_SOURCE;
				MTL_FAST_MATH = YES;
				ONLY_ACTIVE_ARCH = YES;
				SDKROOT = iphoneos;
				SWIFT_ACTIVE_COMPILATION_CONDITIONS = DEBUG;
				SWIFT_OPTIMIZATION_LEVEL = "-Onone";
			};
			name = Debug;
		};
		E82EE8412888B8C000DAC3CF /* Release */ = {
			isa = XCBuildConfiguration;
			buildSettings = {
				ALWAYS_SEARCH_USER_PATHS = NO;
				CLANG_ANALYZER_NONNULL = YES;
				CLANG_ANALYZER_NUMBER_OBJECT_CONVERSION = YES_AGGRESSIVE;
				CLANG_CXX_LANGUAGE_STANDARD = "gnu++17";
				CLANG_CXX_LIBRARY = "libc++";
				CLANG_ENABLE_MODULES = YES;
				CLANG_ENABLE_OBJC_ARC = YES;
				CLANG_ENABLE_OBJC_WEAK = YES;
				CLANG_WARN_BLOCK_CAPTURE_AUTORELEASING = YES;
				CLANG_WARN_BOOL_CONVERSION = YES;
				CLANG_WARN_COMMA = YES;
				CLANG_WARN_CONSTANT_CONVERSION = YES;
				CLANG_WARN_DEPRECATED_OBJC_IMPLEMENTATIONS = YES;
				CLANG_WARN_DIRECT_OBJC_ISA_USAGE = YES_ERROR;
				CLANG_WARN_DOCUMENTATION_COMMENTS = YES;
				CLANG_WARN_EMPTY_BODY = YES;
				CLANG_WARN_ENUM_CONVERSION = YES;
				CLANG_WARN_INFINITE_RECURSION = YES;
				CLANG_WARN_INT_CONVERSION = YES;
				CLANG_WARN_NON_LITERAL_NULL_CONVERSION = YES;
				CLANG_WARN_OBJC_IMPLICIT_RETAIN_SELF = YES;
				CLANG_WARN_OBJC_LITERAL_CONVERSION = YES;
				CLANG_WARN_OBJC_ROOT_CLASS = YES_ERROR;
				CLANG_WARN_QUOTED_INCLUDE_IN_FRAMEWORK_HEADER = YES;
				CLANG_WARN_RANGE_LOOP_ANALYSIS = YES;
				CLANG_WARN_STRICT_PROTOTYPES = YES;
				CLANG_WARN_SUSPICIOUS_MOVE = YES;
				CLANG_WARN_UNGUARDED_AVAILABILITY = YES_AGGRESSIVE;
				CLANG_WARN_UNREACHABLE_CODE = YES;
				CLANG_WARN__DUPLICATE_METHOD_MATCH = YES;
				COPY_PHASE_STRIP = NO;
				DEBUG_INFORMATION_FORMAT = "dwarf-with-dsym";
				ENABLE_NS_ASSERTIONS = NO;
				ENABLE_STRICT_OBJC_MSGSEND = YES;
				GCC_C_LANGUAGE_STANDARD = gnu11;
				GCC_NO_COMMON_BLOCKS = YES;
				GCC_WARN_64_TO_32_BIT_CONVERSION = YES;
				GCC_WARN_ABOUT_RETURN_TYPE = YES_ERROR;
				GCC_WARN_UNDECLARED_SELECTOR = YES;
				GCC_WARN_UNINITIALIZED_AUTOS = YES_AGGRESSIVE;
				GCC_WARN_UNUSED_FUNCTION = YES;
				GCC_WARN_UNUSED_VARIABLE = YES;
				IPHONEOS_DEPLOYMENT_TARGET = 13.0;
				MTL_ENABLE_DEBUG_INFO = NO;
				MTL_FAST_MATH = YES;
				SDKROOT = iphoneos;
				SWIFT_COMPILATION_MODE = wholemodule;
				SWIFT_OPTIMIZATION_LEVEL = "-O";
				VALIDATE_PRODUCT = YES;
			};
			name = Release;
		};
		E82EE8432888B8C000DAC3CF /* Debug */ = {
			isa = XCBuildConfiguration;
			baseConfigurationReference = 9A8689830135150F42AD5F24 /* Pods-HealthJoy.debug.xcconfig */;
			buildSettings = {
				ASSETCATALOG_COMPILER_APPICON_NAME = AppIcon;
				ASSETCATALOG_COMPILER_GLOBAL_ACCENT_COLOR_NAME = AccentColor;
				CODE_SIGN_STYLE = Automatic;
				CURRENT_PROJECT_VERSION = 1;
				DEVELOPMENT_ASSET_PATHS = "\"HealthJoy/Preview Content\"";
				DEVELOPMENT_TEAM = AEBND82R4N;
				ENABLE_PREVIEWS = YES;
				GENERATE_INFOPLIST_FILE = YES;
				INFOPLIST_FILE = HealthJoy/Info.plist;
				INFOPLIST_KEY_UIApplicationSceneManifest_Generation = YES;
				INFOPLIST_KEY_UIApplicationSupportsIndirectInputEvents = YES;
				INFOPLIST_KEY_UILaunchScreen_Generation = YES;
				INFOPLIST_KEY_UISupportedInterfaceOrientations_iPad = "UIInterfaceOrientationPortrait UIInterfaceOrientationPortraitUpsideDown UIInterfaceOrientationLandscapeLeft UIInterfaceOrientationLandscapeRight";
				INFOPLIST_KEY_UISupportedInterfaceOrientations_iPhone = "UIInterfaceOrientationPortrait UIInterfaceOrientationLandscapeLeft UIInterfaceOrientationLandscapeRight";
				IPHONEOS_DEPLOYMENT_TARGET = 14.0;
				LD_RUNPATH_SEARCH_PATHS = (
					"$(inherited)",
					"@executable_path/Frameworks",
				);
				MARKETING_VERSION = 1.0;
				PRODUCT_BUNDLE_IDENTIFIER = com.despinosa112.HealthJoy;
				PRODUCT_NAME = "$(TARGET_NAME)";
				SWIFT_EMIT_LOC_STRINGS = YES;
				SWIFT_VERSION = 5.0;
				TARGETED_DEVICE_FAMILY = "1,2";
			};
			name = Debug;
		};
		E82EE8442888B8C000DAC3CF /* Release */ = {
			isa = XCBuildConfiguration;
			baseConfigurationReference = 583E120C7E6C923AECA6E7BC /* Pods-HealthJoy.release.xcconfig */;
			buildSettings = {
				ASSETCATALOG_COMPILER_APPICON_NAME = AppIcon;
				ASSETCATALOG_COMPILER_GLOBAL_ACCENT_COLOR_NAME = AccentColor;
				CODE_SIGN_STYLE = Automatic;
				CURRENT_PROJECT_VERSION = 1;
				DEVELOPMENT_ASSET_PATHS = "\"HealthJoy/Preview Content\"";
				DEVELOPMENT_TEAM = AEBND82R4N;
				ENABLE_PREVIEWS = YES;
				GENERATE_INFOPLIST_FILE = YES;
				INFOPLIST_FILE = HealthJoy/Info.plist;
				INFOPLIST_KEY_UIApplicationSceneManifest_Generation = YES;
				INFOPLIST_KEY_UIApplicationSupportsIndirectInputEvents = YES;
				INFOPLIST_KEY_UILaunchScreen_Generation = YES;
				INFOPLIST_KEY_UISupportedInterfaceOrientations_iPad = "UIInterfaceOrientationPortrait UIInterfaceOrientationPortraitUpsideDown UIInterfaceOrientationLandscapeLeft UIInterfaceOrientationLandscapeRight";
				INFOPLIST_KEY_UISupportedInterfaceOrientations_iPhone = "UIInterfaceOrientationPortrait UIInterfaceOrientationLandscapeLeft UIInterfaceOrientationLandscapeRight";
				IPHONEOS_DEPLOYMENT_TARGET = 14.0;
				LD_RUNPATH_SEARCH_PATHS = (
					"$(inherited)",
					"@executable_path/Frameworks",
				);
				MARKETING_VERSION = 1.0;
				PRODUCT_BUNDLE_IDENTIFIER = com.despinosa112.HealthJoy;
				PRODUCT_NAME = "$(TARGET_NAME)";
				SWIFT_EMIT_LOC_STRINGS = YES;
				SWIFT_VERSION = 5.0;
				TARGETED_DEVICE_FAMILY = "1,2";
			};
			name = Release;
		};
/* End XCBuildConfiguration section */

/* Begin XCConfigurationList section */
		E82EE82F2888B8BE00DAC3CF /* Build configuration list for PBXProject "HealthJoy" */ = {
			isa = XCConfigurationList;
			buildConfigurations = (
				E82EE8402888B8C000DAC3CF /* Debug */,
				E82EE8412888B8C000DAC3CF /* Release */,
			);
			defaultConfigurationIsVisible = 0;
			defaultConfigurationName = Release;
		};
		E82EE8422888B8C000DAC3CF /* Build configuration list for PBXNativeTarget "HealthJoy" */ = {
			isa = XCConfigurationList;
			buildConfigurations = (
				E82EE8432888B8C000DAC3CF /* Debug */,
				E82EE8442888B8C000DAC3CF /* Release */,
			);
			defaultConfigurationIsVisible = 0;
			defaultConfigurationName = Release;
		};
/* End XCConfigurationList section */
	};
	rootObject = E82EE82C2888B8BE00DAC3CF /* Project object */;
}
